
Microsoft Visual Studio Solution File, Format Version 12.00
# Visual Studio Version 16
VisualStudioVersion = 16.0.31205.134
MinimumVisualStudioVersion = 10.0.40219.1
Project("{FAE04EC0-301F-11D3-BF4B-00C04F79EFBC}") = "assetManagement", "assetManagement\assetManagement.csproj", "{D5562003-E46D-4521-A550-127A1CB4929C}"
EndProject
Global
	GlobalSection(SolutionConfigurationPlatforms) = preSolution
		Debug|Any CPU = Debug|Any CPU
		Release|Any CPU = Release|Any CPU
	EndGlobalSection
	GlobalSection(ProjectConfigurationPlatforms) = postSolution
		{D5562003-E46D-4521-A550-127A1CB4929C}.Debug|Any CPU.ActiveCfg = Debug|Any CPU
		{D5562003-E46D-4521-A550-127A1CB4929C}.Debug|Any CPU.Build.0 = Debug|Any CPU
		{D5562003-E46D-4521-A550-127A1CB4929C}.Release|Any CPU.ActiveCfg = Release|Any CPU
		{D5562003-E46D-4521-A550-127A1CB4929C}.Release|Any CPU.Build.0 = Release|Any CPU
	EndGlobalSection
	GlobalSection(SolutionProperties) = preSolution
		HideSolutionNode = FALSE
	EndGlobalSection
	GlobalSection(ExtensibilityGlobals) = postSolution
		SolutionGuid = {441DAD2A-AC91-4D95-A53B-6ED21B34FE06}
	EndGlobalSection
EndGlobal
